// !$*UTF8*$!
{
	archiveVersion = 1;
	classes = {
	};
	objectVersion = 46;
	objects = {

/* Begin PBXBuildFile section */
		7E2580C61D8F8BE100C1C751 /* AppDelegate.swift in Sources */ = {isa = PBXBuildFile; fileRef = 7E2580C51D8F8BE100C1C751 /* AppDelegate.swift */; };
		7E2580C81D8F8BE100C1C751 /* ViewController.swift in Sources */ = {isa = PBXBuildFile; fileRef = 7E2580C71D8F8BE100C1C751 /* ViewController.swift */; };
		7E2580CB1D8F8BE100C1C751 /* Main.storyboard in Resources */ = {isa = PBXBuildFile; fileRef = 7E2580C91D8F8BE100C1C751 /* Main.storyboard */; };
		7E2580CD1D8F8BE100C1C751 /* Assets.xcassets in Resources */ = {isa = PBXBuildFile; fileRef = 7E2580CC1D8F8BE100C1C751 /* Assets.xcassets */; };
		7E2580D01D8F8BE100C1C751 /* LaunchScreen.storyboard in Resources */ = {isa = PBXBuildFile; fileRef = 7E2580CE1D8F8BE100C1C751 /* LaunchScreen.storyboard */; };
		7E2580DB1D8F8BE100C1C751 /* signatureSwiftTests.swift in Sources */ = {isa = PBXBuildFile; fileRef = 7E2580DA1D8F8BE100C1C751 /* signatureSwiftTests.swift */; };
		7E2580E61D8F8BE200C1C751 /* signatureSwiftUITests.swift in Sources */ = {isa = PBXBuildFile; fileRef = 7E2580E51D8F8BE200C1C751 /* signatureSwiftUITests.swift */; };
		7E87EB2A1D92D79E001422A0 /* AFBrushBoard.swift in Sources */ = {isa = PBXBuildFile; fileRef = 7E87EB271D92D79E001422A0 /* AFBrushBoard.swift */; };
		7E87EB2B1D92D79E001422A0 /* signatureController.swift in Sources */ = {isa = PBXBuildFile; fileRef = 7E87EB281D92D79E001422A0 /* signatureController.swift */; };
		7E87EB2C1D92D79E001422A0 /* UIImage + Extension.swift in Sources */ = {isa = PBXBuildFile; fileRef = 7E87EB291D92D79E001422A0 /* UIImage + Extension.swift */; };
/* End PBXBuildFile section */

/* Begin PBXContainerItemProxy section */
		7E2580D71D8F8BE100C1C751 /* PBXContainerItemProxy */ = {
			isa = PBXContainerItemProxy;
			containerPortal = 7E2580BA1D8F8BE100C1C751 /* Project object */;
			proxyType = 1;
			remoteGlobalIDString = 7E2580C11D8F8BE100C1C751;
			remoteInfo = signatureSwift;
		};
		7E2580E21D8F8BE200C1C751 /* PBXContainerItemProxy */ = {
			isa = PBXContainerItemProxy;
			containerPortal = 7E2580BA1D8F8BE100C1C751 /* Project object */;
			proxyType = 1;
			remoteGlobalIDString = 7E2580C11D8F8BE100C1C751;
			remoteInfo = signatureSwift;
		};
/* End PBXContainerItemProxy section */

/* Begin PBXFileReference section */
		7E2580C21D8F8BE100C1C751 /* signatureSwift.app */ = {isa = PBXFileReference; explicitFileType = wrapper.application; includeInIndex = 0; path = signatureSwift.app; sourceTree = BUILT_PRODUCTS_DIR; };
		7E2580C51D8F8BE100C1C751 /* AppDelegate.swift */ = {isa = PBXFileReference; lastKnownFileType = sourcecode.swift; path = AppDelegate.swift; sourceTree = "<group>"; };
		7E2580C71D8F8BE100C1C751 /* ViewController.swift */ = {isa = PBXFileReference; lastKnownFileType = sourcecode.swift; path = ViewController.swift; sourceTree = "<group>"; };
		7E2580CA1D8F8BE100C1C751 /* Base */ = {isa = PBXFileReference; lastKnownFileType = file.storyboard; name = Base; path = Base.lproj/Main.storyboard; sourceTree = "<group>"; };
		7E2580CC1D8F8BE100C1C751 /* Assets.xcassets */ = {isa = PBXFileReference; lastKnownFileType = folder.assetcatalog; path = Assets.xcassets; sourceTree = "<group>"; };
		7E2580CF1D8F8BE100C1C751 /* Base */ = {isa = PBXFileReference; lastKnownFileType = file.storyboard; name = Base; path = Base.lproj/LaunchScreen.storyboard; sourceTree = "<group>"; };
		7E2580D11D8F8BE100C1C751 /* Info.plist */ = {isa = PBXFileReference; lastKnownFileType = text.plist.xml; path = Info.plist; sourceTree = "<group>"; };
		7E2580D61D8F8BE100C1C751 /* signatureSwiftTests.xctest */ = {isa = PBXFileReference; explicitFileType = wrapper.cfbundle; includeInIndex = 0; path = signatureSwiftTests.xctest; sourceTree = BUILT_PRODUCTS_DIR; };
		7E2580DA1D8F8BE100C1C751 /* signatureSwiftTests.swift */ = {isa = PBXFileReference; lastKnownFileType = sourcecode.swift; path = signatureSwiftTests.swift; sourceTree = "<group>"; };
		7E2580DC1D8F8BE100C1C751 /* Info.plist */ = {isa = PBXFileReference; lastKnownFileType = text.plist.xml; path = Info.plist; sourceTree = "<group>"; };
		7E2580E11D8F8BE200C1C751 /* signatureSwiftUITests.xctest */ = {isa = PBXFileReference; explicitFileType = wrapper.cfbundle; includeInIndex = 0; path = signatureSwiftUITests.xctest; sourceTree = BUILT_PRODUCTS_DIR; };
		7E2580E51D8F8BE200C1C751 /* signatureSwiftUITests.swift */ = {isa = PBXFileReference; lastKnownFileType = sourcecode.swift; path = signatureSwiftUITests.swift; sourceTree = "<group>"; };
		7E2580E71D8F8BE200C1C751 /* Info.plist */ = {isa = PBXFileReference; lastKnownFileType = text.plist.xml; path = Info.plist; sourceTree = "<group>"; };
		7E87EB271D92D79E001422A0 /* AFBrushBoard.swift */ = {isa = PBXFileReference; fileEncoding = 4; lastKnownFileType = sourcecode.swift; path = AFBrushBoard.swift; sourceTree = "<group>"; };
		7E87EB281D92D79E001422A0 /* signatureController.swift */ = {isa = PBXFileReference; fileEncoding = 4; lastKnownFileType = sourcecode.swift; path = signatureController.swift; sourceTree = "<group>"; };
		7E87EB291D92D79E001422A0 /* UIImage + Extension.swift */ = {isa = PBXFileReference; fileEncoding = 4; lastKnownFileType = sourcecode.swift; path = "UIImage + Extension.swift"; sourceTree = "<group>"; };
/* End PBXFileReference section */

/* Begin PBXFrameworksBuildPhase section */
		7E2580BF1D8F8BE100C1C751 /* Frameworks */ = {
			isa = PBXFrameworksBuildPhase;
			buildActionMask = 2147483647;
			files = (
			);
			runOnlyForDeploymentPostprocessing = 0;
		};
		7E2580D31D8F8BE100C1C751 /* Frameworks */ = {
			isa = PBXFrameworksBuildPhase;
			buildActionMask = 2147483647;
			files = (
			);
			runOnlyForDeploymentPostprocessing = 0;
		};
		7E2580DE1D8F8BE200C1C751 /* Frameworks */ = {
			isa = PBXFrameworksBuildPhase;
			buildActionMask = 2147483647;
			files = (
			);
			runOnlyForDeploymentPostprocessing = 0;
		};
/* End PBXFrameworksBuildPhase section */

/* Begin PBXGroup section */
		7E2580B91D8F8BE100C1C751 = {
			isa = PBXGroup;
			children = (
				7E2580C41D8F8BE100C1C751 /* signatureSwift */,
				7E2580D91D8F8BE100C1C751 /* signatureSwiftTests */,
				7E2580E41D8F8BE200C1C751 /* signatureSwiftUITests */,
				7E2580C31D8F8BE100C1C751 /* Products */,
			);
			sourceTree = "<group>";
		};
		7E2580C31D8F8BE100C1C751 /* Products */ = {
			isa = PBXGroup;
			children = (
				7E2580C21D8F8BE100C1C751 /* signatureSwift.app */,
				7E2580D61D8F8BE100C1C751 /* signatureSwiftTests.xctest */,
				7E2580E11D8F8BE200C1C751 /* signatureSwiftUITests.xctest */,
			);
			name = Products;
			sourceTree = "<group>";
		};
		7E2580C41D8F8BE100C1C751 /* signatureSwift */ = {
			isa = PBXGroup;
			children = (
				7E87EB261D92D79E001422A0 /* signatureSwift */,
				7E2580C51D8F8BE100C1C751 /* AppDelegate.swift */,
				7E2580C71D8F8BE100C1C751 /* ViewController.swift */,
				7E2580C91D8F8BE100C1C751 /* Main.storyboard */,
				7E2580CC1D8F8BE100C1C751 /* Assets.xcassets */,
				7E2580CE1D8F8BE100C1C751 /* LaunchScreen.storyboard */,
				7E2580D11D8F8BE100C1C751 /* Info.plist */,
			);
			path = signatureSwift;
			sourceTree = "<group>";
		};
		7E2580D91D8F8BE100C1C751 /* signatureSwiftTests */ = {
			isa = PBXGroup;
			children = (
				7E2580DA1D8F8BE100C1C751 /* signatureSwiftTests.swift */,
				7E2580DC1D8F8BE100C1C751 /* Info.plist */,
			);
			path = signatureSwiftTests;
			sourceTree = "<group>";
		};
		7E2580E41D8F8BE200C1C751 /* signatureSwiftUITests */ = {
			isa = PBXGroup;
			children = (
				7E2580E51D8F8BE200C1C751 /* signatureSwiftUITests.swift */,
				7E2580E71D8F8BE200C1C751 /* Info.plist */,
			);
			path = signatureSwiftUITests;
			sourceTree = "<group>";
		};
		7E87EB261D92D79E001422A0 /* signatureSwift */ = {
			isa = PBXGroup;
			children = (
				7E87EB271D92D79E001422A0 /* AFBrushBoard.swift */,
				7E87EB281D92D79E001422A0 /* signatureController.swift */,
				7E87EB291D92D79E001422A0 /* UIImage + Extension.swift */,
			);
			path = signatureSwift;
			sourceTree = "<group>";
		};
/* End PBXGroup section */

/* Begin PBXNativeTarget section */
		7E2580C11D8F8BE100C1C751 /* signatureSwift */ = {
			isa = PBXNativeTarget;
			buildConfigurationList = 7E2580EA1D8F8BE200C1C751 /* Build configuration list for PBXNativeTarget "signatureSwift" */;
			buildPhases = (
				7E2580BE1D8F8BE100C1C751 /* Sources */,
				7E2580BF1D8F8BE100C1C751 /* Frameworks */,
				7E2580C01D8F8BE100C1C751 /* Resources */,
			);
			buildRules = (
			);
			dependencies = (
			);
			name = signatureSwift;
			productName = signatureSwift;
			productReference = 7E2580C21D8F8BE100C1C751 /* signatureSwift.app */;
			productType = "com.apple.product-type.application";
		};
		7E2580D51D8F8BE100C1C751 /* signatureSwiftTests */ = {
			isa = PBXNativeTarget;
			buildConfigurationList = 7E2580ED1D8F8BE200C1C751 /* Build configuration list for PBXNativeTarget "signatureSwiftTests" */;
			buildPhases = (
				7E2580D21D8F8BE100C1C751 /* Sources */,
				7E2580D31D8F8BE100C1C751 /* Frameworks */,
				7E2580D41D8F8BE100C1C751 /* Resources */,
			);
			buildRules = (
			);
			dependencies = (
				7E2580D81D8F8BE100C1C751 /* PBXTargetDependency */,
			);
			name = signatureSwiftTests;
			productName = signatureSwiftTests;
			productReference = 7E2580D61D8F8BE100C1C751 /* signatureSwiftTests.xctest */;
			productType = "com.apple.product-type.bundle.unit-test";
		};
		7E2580E01D8F8BE200C1C751 /* signatureSwiftUITests */ = {
			isa = PBXNativeTarget;
			buildConfigurationList = 7E2580F01D8F8BE200C1C751 /* Build configuration list for PBXNativeTarget "signatureSwiftUITests" */;
			buildPhases = (
				7E2580DD1D8F8BE200C1C751 /* Sources */,
				7E2580DE1D8F8BE200C1C751 /* Frameworks */,
				7E2580DF1D8F8BE200C1C751 /* Resources */,
			);
			buildRules = (
			);
			dependencies = (
				7E2580E31D8F8BE200C1C751 /* PBXTargetDependency */,
			);
			name = signatureSwiftUITests;
			productName = signatureSwiftUITests;
			productReference = 7E2580E11D8F8BE200C1C751 /* signatureSwiftUITests.xctest */;
			productType = "com.apple.product-type.bundle.ui-testing";
		};
/* End PBXNativeTarget section */

/* Begin PBXProject section */
		7E2580BA1D8F8BE100C1C751 /* Project object */ = {
			isa = PBXProject;
			attributes = {
				LastSwiftUpdateCheck = 0800;
				LastUpgradeCheck = 0800;
				ORGANIZATIONNAME = wenguoli;
				TargetAttributes = {
					7E2580C11D8F8BE100C1C751 = {
						CreatedOnToolsVersion = 8.0;
						DevelopmentTeam = KFA3QPDKRY;
						ProvisioningStyle = Automatic;
					};
					7E2580D51D8F8BE100C1C751 = {
						CreatedOnToolsVersion = 8.0;
						DevelopmentTeam = KFA3QPDKRY;
						ProvisioningStyle = Automatic;
						TestTargetID = 7E2580C11D8F8BE100C1C751;
					};
					7E2580E01D8F8BE200C1C751 = {
						CreatedOnToolsVersion = 8.0;
						DevelopmentTeam = KFA3QPDKRY;
						ProvisioningStyle = Automatic;
						TestTargetID = 7E2580C11D8F8BE100C1C751;
					};
				};
			};
			buildConfigurationList = 7E2580BD1D8F8BE100C1C751 /* Build configuration list for PBXProject "signatureSwift" */;
			compatibilityVersion = "Xcode 3.2";
			developmentRegion = English;
			hasScannedForEncodings = 0;
			knownRegions = (
				en,
				Base,
			);
			mainGroup = 7E2580B91D8F8BE100C1C751;
			productRefGroup = 7E2580C31D8F8BE100C1C751 /* Products */;
			projectDirPath = "";
			projectRoot = "";
			targets = (
				7E2580C11D8F8BE100C1C751 /* signatureSwift */,
				7E2580D51D8F8BE100C1C751 /* signatureSwiftTests */,
				7E2580E01D8F8BE200C1C751 /* signatureSwiftUITests */,
			);
		};
/* End PBXProject section */

/* Begin PBXResourcesBuildPhase section */
		7E2580C01D8F8BE100C1C751 /* Resources */ = {
			isa = PBXResourcesBuildPhase;
			buildActionMask = 2147483647;
			files = (
				7E2580D01D8F8BE100C1C751 /* LaunchScreen.storyboard in Resources */,
				7E2580CD1D8F8BE100C1C751 /* Assets.xcassets in Resources */,
				7E2580CB1D8F8BE100C1C751 /* Main.storyboard in Resources */,
			);
			runOnlyForDeploymentPostprocessing = 0;
		};
		7E2580D41D8F8BE100C1C751 /* Resources */ = {
			isa = PBXResourcesBuildPhase;
			buildActionMask = 2147483647;
			files = (
			);
			runOnlyForDeploymentPostprocessing = 0;
		};
		7E2580DF1D8F8BE200C1C751 /* Resources */ = {
			isa = PBXResourcesBuildPhase;
			buildActionMask = 2147483647;
			files = (
			);
			runOnlyForDeploymentPostprocessing = 0;
		};
/* End PBXResourcesBuildPhase section */

/* Begin PBXSourcesBuildPhase section */
		7E2580BE1D8F8BE100C1C751 /* Sources */ = {
			isa = PBXSourcesBuildPhase;
			buildActionMask = 2147483647;
			files = (
				7E2580C81D8F8BE100C1C751 /* ViewController.swift in Sources */,
				7E87EB2A1D92D79E001422A0 /* AFBrushBoard.swift in Sources */,
				7E87EB2B1D92D79E001422A0 /* signatureController.swift in Sources */,
				7E87EB2C1D92D79E001422A0 /* UIImage + Extension.swift in Sources */,
				7E2580C61D8F8BE100C1C751 /* AppDelegate.swift in Sources */,
			);
			runOnlyForDeploymentPostprocessing = 0;
		};
		7E2580D21D8F8BE100C1C751 /* Sources */ = {
			isa = PBXSourcesBuildPhase;
			buildActionMask = 2147483647;
			files = (
				7E2580DB1D8F8BE100C1C751 /* signatureSwiftTests.swift in Sources */,
			);
			runOnlyForDeploymentPostprocessing = 0;
		};
		7E2580DD1D8F8BE200C1C751 /* Sources */ = {
			isa = PBXSourcesBuildPhase;
			buildActionMask = 2147483647;
			files = (
				7E2580E61D8F8BE200C1C751 /* signatureSwiftUITests.swift in Sources */,
			);
			runOnlyForDeploymentPostprocessing = 0;
		};
/* End PBXSourcesBuildPhase section */

/* Begin PBXTargetDependency section */
		7E2580D81D8F8BE100C1C751 /* PBXTargetDependency */ = {
			isa = PBXTargetDependency;
			target = 7E2580C11D8F8BE100C1C751 /* signatureSwift */;
			targetProxy = 7E2580D71D8F8BE100C1C751 /* PBXContainerItemProxy */;
		};
		7E2580E31D8F8BE200C1C751 /* PBXTargetDependency */ = {
			isa = PBXTargetDependency;
			target = 7E2580C11D8F8BE100C1C751 /* signatureSwift */;
			targetProxy = 7E2580E21D8F8BE200C1C751 /* PBXContainerItemProxy */;
		};
/* End PBXTargetDependency section */

/* Begin PBXVariantGroup section */
		7E2580C91D8F8BE100C1C751 /* Main.storyboard */ = {
			isa = PBXVariantGroup;
			children = (
				7E2580CA1D8F8BE100C1C751 /* Base */,
			);
			name = Main.storyboard;
			sourceTree = "<group>";
		};
		7E2580CE1D8F8BE100C1C751 /* LaunchScreen.storyboard */ = {
			isa = PBXVariantGroup;
			children = (
				7E2580CF1D8F8BE100C1C751 /* Base */,
			);
			name = LaunchScreen.storyboard;
			sourceTree = "<group>";
		};
/* End PBXVariantGroup section */

/* Begin XCBuildConfiguration section */
		7E2580E81D8F8BE200C1C751 /* Debug */ = {
			isa = XCBuildConfiguration;
			buildSettings = {
				ALWAYS_SEARCH_USER_PATHS = NO;
				CLANG_ANALYZER_NONNULL = YES;
				CLANG_CXX_LANGUAGE_STANDARD = "gnu++0x";
				CLANG_CXX_LIBRARY = "libc++";
				CLANG_ENABLE_MODULES = YES;
				CLANG_ENABLE_OBJC_ARC = YES;
				CLANG_WARN_BOOL_CONVERSION = YES;
				CLANG_WARN_CONSTANT_CONVERSION = YES;
				CLANG_WARN_DIRECT_OBJC_ISA_USAGE = YES_ERROR;
				CLANG_WARN_DOCUMENTATION_COMMENTS = YES;
				CLANG_WARN_EMPTY_BODY = YES;
				CLANG_WARN_ENUM_CONVERSION = YES;
				CLANG_WARN_INFINITE_RECURSION = YES;
				CLANG_WARN_INT_CONVERSION = YES;
				CLANG_WARN_OBJC_ROOT_CLASS = YES_ERROR;
				CLANG_WARN_SUSPICIOUS_MOVES = YES;
				CLANG_WARN_UNREACHABLE_CODE = YES;
				CLANG_WARN__DUPLICATE_METHOD_MATCH = YES;
				"CODE_SIGN_IDENTITY[sdk=iphoneos*]" = "iPhone Developer";
				COPY_PHASE_STRIP = NO;
				DEBUG_INFORMATION_FORMAT = dwarf;
				ENABLE_STRICT_OBJC_MSGSEND = YES;
				ENABLE_TESTABILITY = YES;
				GCC_C_LANGUAGE_STANDARD = gnu99;
				GCC_DYNAMIC_NO_PIC = NO;
				GCC_NO_COMMON_BLOCKS = YES;
				GCC_OPTIMIZATION_LEVEL = 0;
				GCC_PREPROCESSOR_DEFINITIONS = (
					"DEBUG=1",
					"$(inherited)",
				);
				GCC_WARN_64_TO_32_BIT_CONVERSION = YES;
				GCC_WARN_ABOUT_RETURN_TYPE = YES_ERROR;
				GCC_WARN_UNDECLARED_SELECTOR = YES;
				GCC_WARN_UNINITIALIZED_AUTOS = YES_AGGRESSIVE;
				GCC_WARN_UNUSED_FUNCTION = YES;
				GCC_WARN_UNUSED_VARIABLE = YES;
				IPHONEOS_DEPLOYMENT_TARGET = 10.0;
				MTL_ENABLE_DEBUG_INFO = YES;
				ONLY_ACTIVE_ARCH = YES;
				SDKROOT = iphoneos;
				SWIFT_ACTIVE_COMPILATION_CONDITIONS = DEBUG;
				SWIFT_OPTIMIZATION_LEVEL = "-Onone";
				TARGETED_DEVICE_FAMILY = "1,2";
			};
			name = Debug;
		};
		7E2580E91D8F8BE200C1C751 /* Release */ = {
			isa = XCBuildConfiguration;
			buildSettings = {
				ALWAYS_SEARCH_USER_PATHS = NO;
				CLANG_ANALYZER_NONNULL = YES;
				CLANG_CXX_LANGUAGE_STANDARD = "gnu++0x";
				CLANG_CXX_LIBRARY = "libc++";
				CLANG_ENABLE_MODULES = YES;
				CLANG_ENABLE_OBJC_ARC = YES;
				CLANG_WARN_BOOL_CONVERSION = YES;
				CLANG_WARN_CONSTANT_CONVERSION = YES;
				CLANG_WARN_DIRECT_OBJC_ISA_USAGE = YES_ERROR;
				CLANG_WARN_DOCUMENTATION_COMMENTS = YES;
				CLANG_WARN_EMPTY_BODY = YES;
				CLANG_WARN_ENUM_CONVERSION = YES;
				CLANG_WARN_INFINITE_RECURSION = YES;
				CLANG_WARN_INT_CONVERSION = YES;
				CLANG_WARN_OBJC_ROOT_CLASS = YES_ERROR;
				CLANG_WARN_SUSPICIOUS_MOVES = YES;
				CLANG_WARN_UNREACHABLE_CODE = YES;
				CLANG_WARN__DUPLICATE_METHOD_MATCH = YES;
				"CODE_SIGN_IDENTITY[sdk=iphoneos*]" = "iPhone Developer";
				COPY_PHASE_STRIP = NO;
				DEBUG_INFORMATION_FORMAT = "dwarf-with-dsym";
				ENABLE_NS_ASSERTIONS = NO;
				ENABLE_STRICT_OBJC_MSGSEND = YES;
				GCC_C_LANGUAGE_STANDARD = gnu99;
				GCC_NO_COMMON_BLOCKS = YES;
				GCC_WARN_64_TO_32_BIT_CONVERSION = YES;
				GCC_WARN_ABOUT_RETURN_TYPE = YES_ERROR;
				GCC_WARN_UNDECLARED_SELECTOR = YES;
				GCC_WARN_UNINITIALIZED_AUTOS = YES_AGGRESSIVE;
				GCC_WARN_UNUSED_FUNCTION = YES;
				GCC_WARN_UNUSED_VARIABLE = YES;
				IPHONEOS_DEPLOYMENT_TARGET = 10.0;
				MTL_ENABLE_DEBUG_INFO = NO;
				SDKROOT = iphoneos;
				SWIFT_OPTIMIZATION_LEVEL = "-Owholemodule";
				TARGETED_DEVICE_FAMILY = "1,2";
				VALIDATE_PRODUCT = YES;
			};
			name = Release;
		};
		7E2580EB1D8F8BE200C1C751 /* Debug */ = {
			isa = XCBuildConfiguration;
			buildSettings = {
				ASSETCATALOG_COMPILER_APPICON_NAME = AppIcon;
				DEVELOPMENT_TEAM = KFA3QPDKRY;
				INFOPLIST_FILE = signatureSwift/Info.plist;
				LD_RUNPATH_SEARCH_PATHS = "$(inherited) @executable_path/Frameworks";
				PRODUCT_BUNDLE_IDENTIFIER = com.yunzanxiaoyuan.signatureSwift;
				PRODUCT_NAME = "$(TARGET_NAME)";
				SWIFT_VERSION = 3.0;
			};
			name = Debug;
		};
		7E2580EC1D8F8BE200C1C751 /* Release */ = {
			isa = XCBuildConfiguration;
			buildSettings = {
				ASSETCATALOG_COMPILER_APPICON_NAME = AppIcon;
				DEVELOPMENT_TEAM = KFA3QPDKRY;
				INFOPLIST_FILE = signatureSwift/Info.plist;
				LD_RUNPATH_SEARCH_PATHS = "$(inherited) @executable_path/Frameworks";
				PRODUCT_BUNDLE_IDENTIFIER = com.yunzanxiaoyuan.signatureSwift;
				PRODUCT_NAME = "$(TARGET_NAME)";
				SWIFT_VERSION = 3.0;
			};
			name = Release;
		};
		7E2580EE1D8F8BE200C1C751 /* Debug */ = {
			isa = XCBuildConfiguration;
			buildSettings = {
				ALWAYS_EMBED_SWIFT_STANDARD_LIBRARIES = YES;
				BUNDLE_LOADER = "$(TEST_HOST)";
				DEVELOPMENT_TEAM = KFA3QPDKRY;
				INFOPLIST_FILE = signatureSwiftTests/Info.plist;
				LD_RUNPATH_SEARCH_PATHS = "$(inherited) @executable_path/Frameworks @loader_path/Frameworks";
				PRODUCT_BUNDLE_IDENTIFIER = com.yunzanxiaoyuan.signatureSwiftTests;
				PRODUCT_NAME = "$(TARGET_NAME)";
				SWIFT_VERSION = 3.0;
				TEST_HOST = "$(BUILT_PRODUCTS_DIR)/signatureSwift.app/signatureSwift";
			};
			name = Debug;
		};
		7E2580EF1D8F8BE200C1C751 /* Release */ = {
			isa = XCBuildConfiguration;
			buildSettings = {
				ALWAYS_EMBED_SWIFT_STANDARD_LIBRARIES = YES;
				BUNDLE_LOADER = "$(TEST_HOST)";
				DEVELOPMENT_TEAM = KFA3QPDKRY;
				INFOPLIST_FILE = signatureSwiftTests/Info.plist;
				LD_RUNPATH_SEARCH_PATHS = "$(inherited) @executable_path/Frameworks @loader_path/Frameworks";
				PRODUCT_BUNDLE_IDENTIFIER = com.yunzanxiaoyuan.signatureSwiftTests;
				PRODUCT_NAME = "$(TARGET_NAME)";
				SWIFT_VERSION = 3.0;
				TEST_HOST = "$(BUILT_PRODUCTS_DIR)/signatureSwift.app/signatureSwift";
			};
			name = Release;
		};
		7E2580F11D8F8BE200C1C751 /* Debug */ = {
			isa = XCBuildConfiguration;
			buildSettings = {
				ALWAYS_EMBED_SWIFT_STANDARD_LIBRARIES = YES;
				DEVELOPMENT_TEAM = KFA3QPDKRY;
				INFOPLIST_FILE = signatureSwiftUITests/Info.plist;
				LD_RUNPATH_SEARCH_PATHS = "$(inherited) @executable_path/Frameworks @loader_path/Frameworks";
				PRODUCT_BUNDLE_IDENTIFIER = com.yunzanxiaoyuan.signatureSwiftUITests;
				PRODUCT_NAME = "$(TARGET_NAME)";
				SWIFT_VERSION = 3.0;
				TEST_TARGET_NAME = signatureSwift;
			};
			name = Debug;
		};
		7E2580F21D8F8BE200C1C751 /* Release */ = {
			isa = XCBuildConfiguration;
			buildSettings = {
				ALWAYS_EMBED_SWIFT_STANDARD_LIBRARIES = YES;
				DEVELOPMENT_TEAM = KFA3QPDKRY;
				INFOPLIST_FILE = signatureSwiftUITests/Info.plist;
				LD_RUNPATH_SEARCH_PATHS = "$(inherited) @executable_path/Frameworks @loader_path/Frameworks";
				PRODUCT_BUNDLE_IDENTIFIER = com.yunzanxiaoyuan.signatureSwiftUITests;
				PRODUCT_NAME = "$(TARGET_NAME)";
				SWIFT_VERSION = 3.0;
				TEST_TARGET_NAME = signatureSwift;
			};
			name = Release;
		};
/* End XCBuildConfiguration section */

/* Begin XCConfigurationList section */
		7E2580BD1D8F8BE100C1C751 /* Build configuration list for PBXProject "signatureSwift" */ = {
			isa = XCConfigurationList;
			buildConfigurations = (
				7E2580E81D8F8BE200C1C751 /* Debug */,
				7E2580E91D8F8BE200C1C751 /* Release */,
			);
			defaultConfigurationIsVisible = 0;
			defaultConfigurationName = Release;
		};
		7E2580EA1D8F8BE200C1C751 /* Build configuration list for PBXNativeTarget "signatureSwift" */ = {
			isa = XCConfigurationList;
			buildConfigurations = (
				7E2580EB1D8F8BE200C1C751 /* Debug */,
				7E2580EC1D8F8BE200C1C751 /* Release */,
			);
			defaultConfigurationIsVisible = 0;
			defaultConfigurationName = Release;
		};
		7E2580ED1D8F8BE200C1C751 /* Build configuration list for PBXNativeTarget "signatureSwiftTests" */ = {
			isa = XCConfigurationList;
			buildConfigurations = (
				7E2580EE1D8F8BE200C1C751 /* Debug */,
				7E2580EF1D8F8BE200C1C751 /* Release */,
			);
			defaultConfigurationIsVisible = 0;
			defaultConfigurationName = Release;
		};
		7E2580F01D8F8BE200C1C751 /* Build configuration list for PBXNativeTarget "signatureSwiftUITests" */ = {
			isa = XCConfigurationList;
			buildConfigurations = (
				7E2580F11D8F8BE200C1C751 /* Debug */,
				7E2580F21D8F8BE200C1C751 /* Release */,
			);
			defaultConfigurationIsVisible = 0;
			defaultConfigurationName = Release;
		};
/* End XCConfigurationList section */
	};
	rootObject = 7E2580BA1D8F8BE100C1C751 /* Project object */;
}
